
Microsoft Visual Studio Solution File, Format Version 12.00
# Visual Studio Version 16
VisualStudioVersion = 16.0.30011.22
MinimumVisualStudioVersion = 10.0.40219.1
Project("{FAE04EC0-301F-11D3-BF4B-00C04F79EFBC}") = "MorseAlphabet", "MorseAlphabet\MorseAlphabet.csproj", "{EC3B73A1-DD8A-47F7-9F74-52E1D9C4426E}"
EndProject
Global
	GlobalSection(SolutionConfigurationPlatforms) = preSolution
		Debug|Any CPU = Debug|Any CPU
		Release|Any CPU = Release|Any CPU
	EndGlobalSection
	GlobalSection(ProjectConfigurationPlatforms) = postSolution
		{EC3B73A1-DD8A-47F7-9F74-52E1D9C4426E}.Debug|Any CPU.ActiveCfg = Debug|Any CPU
		{EC3B73A1-DD8A-47F7-9F74-52E1D9C4426E}.Debug|Any CPU.Build.0 = Debug|Any CPU
		{EC3B73A1-DD8A-47F7-9F74-52E1D9C4426E}.Release|Any CPU.ActiveCfg = Release|Any CPU
		{EC3B73A1-DD8A-47F7-9F74-52E1D9C4426E}.Release|Any CPU.Build.0 = Release|Any CPU
	EndGlobalSection
	GlobalSection(SolutionProperties) = preSolution
		HideSolutionNode = FALSE
	EndGlobalSection
	GlobalSection(ExtensibilityGlobals) = postSolution
		SolutionGuid = {1FE1B0D3-D22F-4BBA-8C82-52D88AAD1305}
	EndGlobalSection
EndGlobal
